// !$*UTF8*$!
{
	archiveVersion = 1;
	classes = {
	};
	objectVersion = 46;
	objects = {

/* Begin PBXBuildFile section */
		D81C12F71DDF51D90095D4DF /* common.cpp in Sources */ = {isa = PBXBuildFile; fileRef = D81C12F61DDF51D90095D4DF /* common.cpp */; };
		D81C12FA1DDF51F80095D4DF /* hh_game_logic.cpp in Sources */ = {isa = PBXBuildFile; fileRef = D81C12F81DDF51F80095D4DF /* hh_game_logic.cpp */; };
		D81C12FC1DDFF3740095D4DF /* mj_nif.c in Sources */ = {isa = PBXBuildFile; fileRef = D81C12FB1DDFF3740095D4DF /* mj_nif.c */; };
/* End PBXBuildFile section */

/* Begin PBXCopyFilesBuildPhase section */
		D81C12E91DDF51820095D4DF /* CopyFiles */ = {
			isa = PBXCopyFilesBuildPhase;
			buildActionMask = 2147483647;
			dstPath = /usr/share/man/man1/;
			dstSubfolderSpec = 0;
			files = (
			);
			runOnlyForDeploymentPostprocessing = 1;
		};
/* End PBXCopyFilesBuildPhase section */

/* Begin PBXFileReference section */
		D81C12EB1DDF51820095D4DF /* lyjmj */ = {isa = PBXFileReference; explicitFileType = "compiled.mach-o.executable"; includeInIndex = 0; path = lyjmj; sourceTree = BUILT_PRODUCTS_DIR; };
		D81C12F51DDF51C30095D4DF /* common.h */ = {isa = PBXFileReference; lastKnownFileType = sourcecode.c.h; name = common.h; path = ../../common.h; sourceTree = "<group>"; };
		D81C12F61DDF51D90095D4DF /* common.cpp */ = {isa = PBXFileReference; fileEncoding = 4; lastKnownFileType = sourcecode.cpp.cpp; name = common.cpp; path = ../../common.cpp; sourceTree = "<group>"; };
		D81C12F81DDF51F80095D4DF /* hh_game_logic.cpp */ = {isa = PBXFileReference; fileEncoding = 4; lastKnownFileType = sourcecode.cpp.cpp; name = hh_game_logic.cpp; path = ../../hh_game_logic.cpp; sourceTree = "<group>"; };
		D81C12F91DDF51F80095D4DF /* hh_game_logic.h */ = {isa = PBXFileReference; fileEncoding = 4; lastKnownFileType = sourcecode.c.h; name = hh_game_logic.h; path = ../../hh_game_logic.h; sourceTree = "<group>"; };
		D81C12FB1DDFF3740095D4DF /* mj_nif.c */ = {isa = PBXFileReference; fileEncoding = 4; lastKnownFileType = sourcecode.c.c; name = mj_nif.c; path = ../../mj_nif.c; sourceTree = "<group>"; };
/* End PBXFileReference section */

/* Begin PBXFrameworksBuildPhase section */
		D81C12E81DDF51820095D4DF /* Frameworks */ = {
			isa = PBXFrameworksBuildPhase;
			buildActionMask = 2147483647;
			files = (
			);
			runOnlyForDeploymentPostprocessing = 0;
		};
/* End PBXFrameworksBuildPhase section */

/* Begin PBXGroup section */
		D81C12E21DDF51820095D4DF = {
			isa = PBXGroup;
			children = (
				D81C12ED1DDF51820095D4DF /* lyjmj */,
				D81C12EC1DDF51820095D4DF /* Products */,
			);
			sourceTree = "<group>";
		};
		D81C12EC1DDF51820095D4DF /* Products */ = {
			isa = PBXGroup;
			children = (
				D81C12EB1DDF51820095D4DF /* lyjmj */,
			);
			name = Products;
			sourceTree = "<group>";
		};
		D81C12ED1DDF51820095D4DF /* lyjmj */ = {
			isa = PBXGroup;
			children = (
				D81C12FB1DDFF3740095D4DF /* mj_nif.c */,
				D81C12F81DDF51F80095D4DF /* hh_game_logic.cpp */,
				D81C12F91DDF51F80095D4DF /* hh_game_logic.h */,
				D81C12F61DDF51D90095D4DF /* common.cpp */,
				D81C12F51DDF51C30095D4DF /* common.h */,
			);
			path = lyjmj;
			sourceTree = "<group>";
		};
/* End PBXGroup section */

/* Begin PBXNativeTarget section */
		D81C12EA1DDF51820095D4DF /* lyjmj */ = {
			isa = PBXNativeTarget;
			buildConfigurationList = D81C12F21DDF51820095D4DF /* Build configuration list for PBXNativeTarget "lyjmj" */;
			buildPhases = (
				D81C12E71DDF51820095D4DF /* Sources */,
				D81C12E81DDF51820095D4DF /* Frameworks */,
				D81C12E91DDF51820095D4DF /* CopyFiles */,
			);
			buildRules = (
			);
			dependencies = (
			);
			name = lyjmj;
			productName = lyjmj;
			productReference = D81C12EB1DDF51820095D4DF /* lyjmj */;
			productType = "com.apple.product-type.tool";
		};
/* End PBXNativeTarget section */

/* Begin PBXProject section */
		D81C12E31DDF51820095D4DF /* Project object */ = {
			isa = PBXProject;
			attributes = {
				LastUpgradeCheck = 0730;
				ORGANIZATIONNAME = "姚鸿";
				TargetAttributes = {
					D81C12EA1DDF51820095D4DF = {
						CreatedOnToolsVersion = 7.3.1;
					};
				};
			};
			buildConfigurationList = D81C12E61DDF51820095D4DF /* Build configuration list for PBXProject "lyjmj" */;
			compatibilityVersion = "Xcode 3.2";
			developmentRegion = English;
			hasScannedForEncodings = 0;
			knownRegions = (
				en,
			);
			mainGroup = D81C12E21DDF51820095D4DF;
			productRefGroup = D81C12EC1DDF51820095D4DF /* Products */;
			projectDirPath = "";
			projectRoot = "";
			targets = (
				D81C12EA1DDF51820095D4DF /* lyjmj */,
			);
		};
/* End PBXProject section */

/* Begin PBXSourcesBuildPhase section */
		D81C12E71DDF51820095D4DF /* Sources */ = {
			isa = PBXSourcesBuildPhase;
			buildActionMask = 2147483647;
			files = (
				D81C12F71DDF51D90095D4DF /* common.cpp in Sources */,
				D81C12FA1DDF51F80095D4DF /* hh_game_logic.cpp in Sources */,
				D81C12FC1DDFF3740095D4DF /* mj_nif.c in Sources */,
			);
			runOnlyForDeploymentPostprocessing = 0;
		};
/* End PBXSourcesBuildPhase section */

/* Begin XCBuildConfiguration section */
		D81C12F01DDF51820095D4DF /* Debug */ = {
			isa = XCBuildConfiguration;
			buildSettings = {
				ALWAYS_SEARCH_USER_PATHS = NO;
				CLANG_ANALYZER_NONNULL = YES;
				CLANG_CXX_LANGUAGE_STANDARD = "gnu++0x";
				CLANG_CXX_LIBRARY = "libc++";
				CLANG_ENABLE_MODULES = YES;
				CLANG_ENABLE_OBJC_ARC = YES;
				CLANG_WARN_BOOL_CONVERSION = YES;
				CLANG_WARN_CONSTANT_CONVERSION = YES;
				CLANG_WARN_DIRECT_OBJC_ISA_USAGE = YES_ERROR;
				CLANG_WARN_EMPTY_BODY = YES;
				CLANG_WARN_ENUM_CONVERSION = YES;
				CLANG_WARN_INT_CONVERSION = YES;
				CLANG_WARN_OBJC_ROOT_CLASS = YES_ERROR;
				CLANG_WARN_UNREACHABLE_CODE = YES;
				CLANG_WARN__DUPLICATE_METHOD_MATCH = YES;
				CODE_SIGN_IDENTITY = "-";
				COPY_PHASE_STRIP = NO;
				DEBUG_INFORMATION_FORMAT = dwarf;
				ENABLE_STRICT_OBJC_MSGSEND = YES;
				ENABLE_TESTABILITY = YES;
				GCC_C_LANGUAGE_STANDARD = gnu99;
				GCC_DYNAMIC_NO_PIC = NO;
				GCC_NO_COMMON_BLOCKS = YES;
				GCC_OPTIMIZATION_LEVEL = 0;
				GCC_PREPROCESSOR_DEFINITIONS = (
					"DEBUG=1",
					"$(inherited)",
				);
				GCC_WARN_64_TO_32_BIT_CONVERSION = YES;
				GCC_WARN_ABOUT_RETURN_TYPE = YES_ERROR;
				GCC_WARN_UNDECLARED_SELECTOR = YES;
				GCC_WARN_UNINITIALIZED_AUTOS = YES_AGGRESSIVE;
				GCC_WARN_UNUSED_FUNCTION = YES;
				GCC_WARN_UNUSED_VARIABLE = YES;
				MACOSX_DEPLOYMENT_TARGET = 10.11;
				MTL_ENABLE_DEBUG_INFO = YES;
				ONLY_ACTIVE_ARCH = YES;
				SDKROOT = macosx;
			};
			name = Debug;
		};
		D81C12F11DDF51820095D4DF /* Release */ = {
			isa = XCBuildConfiguration;
			buildSettings = {
				ALWAYS_SEARCH_USER_PATHS = NO;
				CLANG_ANALYZER_NONNULL = YES;
				CLANG_CXX_LANGUAGE_STANDARD = "gnu++0x";
				CLANG_CXX_LIBRARY = "libc++";
				CLANG_ENABLE_MODULES = YES;
				CLANG_ENABLE_OBJC_ARC = YES;
				CLANG_WARN_BOOL_CONVERSION = YES;
				CLANG_WARN_CONSTANT_CONVERSION = YES;
				CLANG_WARN_DIRECT_OBJC_ISA_USAGE = YES_ERROR;
				CLANG_WARN_EMPTY_BODY = YES;
				CLANG_WARN_ENUM_CONVERSION = YES;
				CLANG_WARN_INT_CONVERSION = YES;
				CLANG_WARN_OBJC_ROOT_CLASS = YES_ERROR;
				CLANG_WARN_UNREACHABLE_CODE = YES;
				CLANG_WARN__DUPLICATE_METHOD_MATCH = YES;
				CODE_SIGN_IDENTITY = "-";
				COPY_PHASE_STRIP = NO;
				DEBUG_INFORMATION_FORMAT = "dwarf-with-dsym";
				ENABLE_NS_ASSERTIONS = NO;
				ENABLE_STRICT_OBJC_MSGSEND = YES;
				GCC_C_LANGUAGE_STANDARD = gnu99;
				GCC_NO_COMMON_BLOCKS = YES;
				GCC_WARN_64_TO_32_BIT_CONVERSION = YES;
				GCC_WARN_ABOUT_RETURN_TYPE = YES_ERROR;
				GCC_WARN_UNDECLARED_SELECTOR = YES;
				GCC_WARN_UNINITIALIZED_AUTOS = YES_AGGRESSIVE;
				GCC_WARN_UNUSED_FUNCTION = YES;
				GCC_WARN_UNUSED_VARIABLE = YES;
				MACOSX_DEPLOYMENT_TARGET = 10.11;
				MTL_ENABLE_DEBUG_INFO = NO;
				SDKROOT = macosx;
			};
			name = Release;
		};
		D81C12F31DDF51820095D4DF /* Debug */ = {
			isa = XCBuildConfiguration;
			buildSettings = {
				GCC_PREPROCESSOR_DEFINITIONS = (
					HH_EXE,
					"DEBUG=1",
					"$(inherited)",
				);
				PRODUCT_NAME = "$(TARGET_NAME)";
			};
			name = Debug;
		};
		D81C12F41DDF51820095D4DF /* Release */ = {
			isa = XCBuildConfiguration;
			buildSettings = {
				PRODUCT_NAME = "$(TARGET_NAME)";
			};
			name = Release;
		};
/* End XCBuildConfiguration section */

/* Begin XCConfigurationList section */
		D81C12E61DDF51820095D4DF /* Build configuration list for PBXProject "lyjmj" */ = {
			isa = XCConfigurationList;
			buildConfigurations = (
				D81C12F01DDF51820095D4DF /* Debug */,
				D81C12F11DDF51820095D4DF /* Release */,
			);
			defaultConfigurationIsVisible = 0;
			defaultConfigurationName = Release;
		};
		D81C12F21DDF51820095D4DF /* Build configuration list for PBXNativeTarget "lyjmj" */ = {
			isa = XCConfigurationList;
			buildConfigurations = (
				D81C12F31DDF51820095D4DF /* Debug */,
				D81C12F41DDF51820095D4DF /* Release */,
			);
			defaultConfigurationIsVisible = 0;
		};
/* End XCConfigurationList section */
	};
	rootObject = D81C12E31DDF51820095D4DF /* Project object */;
}
